
Microsoft Visual Studio Solution File, Format Version 12.00
# Visual Studio Version 16
VisualStudioVersion = 16.0.32929.386
MinimumVisualStudioVersion = 10.0.40219.1
Project("{FAE04EC0-301F-11D3-BF4B-00C04F79EFBC}") = "FuelApp_Backend", "FuelApp_Backend\FuelApp_Backend.csproj", "{C3A32D73-B9F3-463C-8BB9-EF32AA096993}"
EndProject
Global
	GlobalSection(SolutionConfigurationPlatforms) = preSolution
		Debug|Any CPU = Debug|Any CPU
		Release|Any CPU = Release|Any CPU
	EndGlobalSection
	GlobalSection(ProjectConfigurationPlatforms) = postSolution
		{C3A32D73-B9F3-463C-8BB9-EF32AA096993}.Debug|Any CPU.ActiveCfg = Debug|Any CPU
		{C3A32D73-B9F3-463C-8BB9-EF32AA096993}.Debug|Any CPU.Build.0 = Debug|Any CPU
		{C3A32D73-B9F3-463C-8BB9-EF32AA096993}.Release|Any CPU.ActiveCfg = Release|Any CPU
		{C3A32D73-B9F3-463C-8BB9-EF32AA096993}.Release|Any CPU.Build.0 = Release|Any CPU
	EndGlobalSection
	GlobalSection(SolutionProperties) = preSolution
		HideSolutionNode = FALSE
	EndGlobalSection
	GlobalSection(ExtensibilityGlobals) = postSolution
		SolutionGuid = {01CF5CA6-3E6C-436E-8A14-150582FC5C75}
	EndGlobalSection
EndGlobal
